
Microsoft Visual Studio Solution File, Format Version 12.00
# Visual Studio Version 17
VisualStudioVersion = 17.14.36811.4
MinimumVisualStudioVersion = 10.0.40219.1
Project("{FAE04EC0-301F-11D3-BF4B-00C04F79EFBC}") = "VinManagement.CleanArch", "VinManagement.CleanArch\VinManagement.CleanArch.csproj", "{14BFF2C8-26D2-4F29-8BB3-28521218F1E3}"
EndProject
Project("{FAE04EC0-301F-11D3-BF4B-00C04F79EFBC}") = "Domain", "Domain\Domain.csproj", "{67EFF246-39B9-4EA5-AE79-7D13086BAF9F}"
EndProject
Project("{FAE04EC0-301F-11D3-BF4B-00C04F79EFBC}") = "Application", "Application\Application.csproj", "{5FAEA27C-0116-49B3-A4F4-A6EE647D43DF}"
EndProject
Project("{FAE04EC0-301F-11D3-BF4B-00C04F79EFBC}") = "Infrastructure", "Infrastructure\Infrastructure.csproj", "{2FDFF01D-48C9-4ADA-8944-CEDA0545766D}"
EndProject
Project("{FAE04EC0-301F-11D3-BF4B-00C04F79EFBC}") = "VinManagement.CleanArch.Tests", "VinManagement.CleanArch.Tests\VinManagement.CleanArch.Tests.csproj", "{93C09FD9-37B3-42DD-861E-AE50E1197618}"
EndProject
Global
	GlobalSection(SolutionConfigurationPlatforms) = preSolution
		Debug|Any CPU = Debug|Any CPU
		Debug|x64 = Debug|x64
		Debug|x86 = Debug|x86
		Release|Any CPU = Release|Any CPU
		Release|x64 = Release|x64
		Release|x86 = Release|x86
	EndGlobalSection
	GlobalSection(ProjectConfigurationPlatforms) = postSolution
		{14BFF2C8-26D2-4F29-8BB3-28521218F1E3}.Debug|Any CPU.ActiveCfg = Debug|Any CPU
		{14BFF2C8-26D2-4F29-8BB3-28521218F1E3}.Debug|Any CPU.Build.0 = Debug|Any CPU
		{14BFF2C8-26D2-4F29-8BB3-28521218F1E3}.Debug|x64.ActiveCfg = Debug|Any CPU
		{14BFF2C8-26D2-4F29-8BB3-28521218F1E3}.Debug|x64.Build.0 = Debug|Any CPU
		{14BFF2C8-26D2-4F29-8BB3-28521218F1E3}.Debug|x86.ActiveCfg = Debug|Any CPU
		{14BFF2C8-26D2-4F29-8BB3-28521218F1E3}.Debug|x86.Build.0 = Debug|Any CPU
		{14BFF2C8-26D2-4F29-8BB3-28521218F1E3}.Release|Any CPU.ActiveCfg = Release|Any CPU
		{14BFF2C8-26D2-4F29-8BB3-28521218F1E3}.Release|Any CPU.Build.0 = Release|Any CPU
		{14BFF2C8-26D2-4F29-8BB3-28521218F1E3}.Release|x64.ActiveCfg = Release|Any CPU
		{14BFF2C8-26D2-4F29-8BB3-28521218F1E3}.Release|x64.Build.0 = Release|Any CPU
		{14BFF2C8-26D2-4F29-8BB3-28521218F1E3}.Release|x86.ActiveCfg = Release|Any CPU
		{14BFF2C8-26D2-4F29-8BB3-28521218F1E3}.Release|x86.Build.0 = Release|Any CPU
		{67EFF246-39B9-4EA5-AE79-7D13086BAF9F}.Debug|Any CPU.ActiveCfg = Debug|Any CPU
		{67EFF246-39B9-4EA5-AE79-7D13086BAF9F}.Debug|Any CPU.Build.0 = Debug|Any CPU
		{67EFF246-39B9-4EA5-AE79-7D13086BAF9F}.Debug|x64.ActiveCfg = Debug|Any CPU
		{67EFF246-39B9-4EA5-AE79-7D13086BAF9F}.Debug|x64.Build.0 = Debug|Any CPU
		{67EFF246-39B9-4EA5-AE79-7D13086BAF9F}.Debug|x86.ActiveCfg = Debug|Any CPU
		{67EFF246-39B9-4EA5-AE79-7D13086BAF9F}.Debug|x86.Build.0 = Debug|Any CPU
		{67EFF246-39B9-4EA5-AE79-7D13086BAF9F}.Release|Any CPU.ActiveCfg = Release|Any CPU
		{67EFF246-39B9-4EA5-AE79-7D13086BAF9F}.Release|Any CPU.Build.0 = Release|Any CPU
		{67EFF246-39B9-4EA5-AE79-7D13086BAF9F}.Release|x64.ActiveCfg = Release|Any CPU
		{67EFF246-39B9-4EA5-AE79-7D13086BAF9F}.Release|x64.Build.0 = Release|Any CPU
		{67EFF246-39B9-4EA5-AE79-7D13086BAF9F}.Release|x86.ActiveCfg = Release|Any CPU
		{67EFF246-39B9-4EA5-AE79-7D13086BAF9F}.Release|x86.Build.0 = Release|Any CPU
		{5FAEA27C-0116-49B3-A4F4-A6EE647D43DF}.Debug|Any CPU.ActiveCfg = Debug|Any CPU
		{5FAEA27C-0116-49B3-A4F4-A6EE647D43DF}.Debug|Any CPU.Build.0 = Debug|Any CPU
		{5FAEA27C-0116-49B3-A4F4-A6EE647D43DF}.Debug|x64.ActiveCfg = Debug|Any CPU
		{5FAEA27C-0116-49B3-A4F4-A6EE647D43DF}.Debug|x64.Build.0 = Debug|Any CPU
		{5FAEA27C-0116-49B3-A4F4-A6EE647D43DF}.Debug|x86.ActiveCfg = Debug|Any CPU
		{5FAEA27C-0116-49B3-A4F4-A6EE647D43DF}.Debug|x86.Build.0 = Debug|Any CPU
		{5FAEA27C-0116-49B3-A4F4-A6EE647D43DF}.Release|Any CPU.ActiveCfg = Release|Any CPU
		{5FAEA27C-0116-49B3-A4F4-A6EE647D43DF}.Release|Any CPU.Build.0 = Release|Any CPU
		{5FAEA27C-0116-49B3-A4F4-A6EE647D43DF}.Release|x64.ActiveCfg = Release|Any CPU
		{5FAEA27C-0116-49B3-A4F4-A6EE647D43DF}.Release|x64.Build.0 = Release|Any CPU
		{5FAEA27C-0116-49B3-A4F4-A6EE647D43DF}.Release|x86.ActiveCfg = Release|Any CPU
		{5FAEA27C-0116-49B3-A4F4-A6EE647D43DF}.Release|x86.Build.0 = Release|Any CPU
		{2FDFF01D-48C9-4ADA-8944-CEDA0545766D}.Debug|Any CPU.ActiveCfg = Debug|Any CPU
		{2FDFF01D-48C9-4ADA-8944-CEDA0545766D}.Debug|Any CPU.Build.0 = Debug|Any CPU
		{2FDFF01D-48C9-4ADA-8944-CEDA0545766D}.Debug|x64.ActiveCfg = Debug|Any CPU
		{2FDFF01D-48C9-4ADA-8944-CEDA0545766D}.Debug|x64.Build.0 = Debug|Any CPU
		{2FDFF01D-48C9-4ADA-8944-CEDA0545766D}.Debug|x86.ActiveCfg = Debug|Any CPU
		{2FDFF01D-48C9-4ADA-8944-CEDA0545766D}.Debug|x86.Build.0 = Debug|Any CPU
		{2FDFF01D-48C9-4ADA-8944-CEDA0545766D}.Release|Any CPU.ActiveCfg = Release|Any CPU
		{2FDFF01D-48C9-4ADA-8944-CEDA0545766D}.Release|Any CPU.Build.0 = Release|Any CPU
		{2FDFF01D-48C9-4ADA-8944-CEDA0545766D}.Release|x64.ActiveCfg = Release|Any CPU
		{2FDFF01D-48C9-4ADA-8944-CEDA0545766D}.Release|x64.Build.0 = Release|Any CPU
		{2FDFF01D-48C9-4ADA-8944-CEDA0545766D}.Release|x86.ActiveCfg = Release|Any CPU
		{2FDFF01D-48C9-4ADA-8944-CEDA0545766D}.Release|x86.Build.0 = Release|Any CPU
		{93C09FD9-37B3-42DD-861E-AE50E1197618}.Debug|Any CPU.ActiveCfg = Debug|Any CPU
		{93C09FD9-37B3-42DD-861E-AE50E1197618}.Debug|Any CPU.Build.0 = Debug|Any CPU
		{93C09FD9-37B3-42DD-861E-AE50E1197618}.Debug|x64.ActiveCfg = Debug|Any CPU
		{93C09FD9-37B3-42DD-861E-AE50E1197618}.Debug|x64.Build.0 = Debug|Any CPU
		{93C09FD9-37B3-42DD-861E-AE50E1197618}.Debug|x86.ActiveCfg = Debug|Any CPU
		{93C09FD9-37B3-42DD-861E-AE50E1197618}.Debug|x86.Build.0 = Debug|Any CPU
		{93C09FD9-37B3-42DD-861E-AE50E1197618}.Release|Any CPU.ActiveCfg = Release|Any CPU
		{93C09FD9-37B3-42DD-861E-AE50E1197618}.Release|Any CPU.Build.0 = Release|Any CPU
		{93C09FD9-37B3-42DD-861E-AE50E1197618}.Release|x64.ActiveCfg = Release|Any CPU
		{93C09FD9-37B3-42DD-861E-AE50E1197618}.Release|x64.Build.0 = Release|Any CPU
		{93C09FD9-37B3-42DD-861E-AE50E1197618}.Release|x86.ActiveCfg = Release|Any CPU
		{93C09FD9-37B3-42DD-861E-AE50E1197618}.Release|x86.Build.0 = Release|Any CPU
	EndGlobalSection
	GlobalSection(SolutionProperties) = preSolution
		HideSolutionNode = FALSE
	EndGlobalSection
	GlobalSection(ExtensibilityGlobals) = postSolution
		SolutionGuid = {FA1F9506-D8BD-4FA8-AC2E-4F0825DF03BE}
	EndGlobalSection
EndGlobal
